
Microsoft Visual Studio Solution File, Format Version 12.00
# Visual Studio 15
VisualStudioVersion = 15.0.27703.2026
MinimumVisualStudioVersion = 10.0.40219.1
Project("{FAE04EC0-301F-11D3-BF4B-00C04F79EFBC}") = "APIDemo", "APIDemo\APIDemo.csproj", "{4CC35DBE-18A4-4DAB-8832-EA590F2A2AF4}"
EndProject
Project("{FAE04EC0-301F-11D3-BF4B-00C04F79EFBC}") = "EmployeeDataAccess", "EmployeeDataAccess\EmployeeDataAccess.csproj", "{949C1F9F-302D-43FD-9C7E-56B00C14F595}"
EndProject
Project("{FAE04EC0-301F-11D3-BF4B-00C04F79EFBC}") = "NewWebApplication", "NewWebApplication\NewWebApplication.csproj", "{A1C845E0-2EBD-4B7C-9C40-B00C0BD6CC01}"
EndProject
Project("{FAE04EC0-301F-11D3-BF4B-00C04F79EFBC}") = "IntegatePractice", "IntegatePractice\IntegatePractice.csproj", "{6DD9C511-8246-45B5-85B5-925DDB4204A9}"
EndProject
Global
	GlobalSection(SolutionConfigurationPlatforms) = preSolution
		Debug|Any CPU = Debug|Any CPU
		Release|Any CPU = Release|Any CPU
	EndGlobalSection
	GlobalSection(ProjectConfigurationPlatforms) = postSolution
		{4CC35DBE-18A4-4DAB-8832-EA590F2A2AF4}.Debug|Any CPU.ActiveCfg = Debug|Any CPU
		{4CC35DBE-18A4-4DAB-8832-EA590F2A2AF4}.Debug|Any CPU.Build.0 = Debug|Any CPU
		{4CC35DBE-18A4-4DAB-8832-EA590F2A2AF4}.Release|Any CPU.ActiveCfg = Release|Any CPU
		{4CC35DBE-18A4-4DAB-8832-EA590F2A2AF4}.Release|Any CPU.Build.0 = Release|Any CPU
		{949C1F9F-302D-43FD-9C7E-56B00C14F595}.Debug|Any CPU.ActiveCfg = Debug|Any CPU
		{949C1F9F-302D-43FD-9C7E-56B00C14F595}.Debug|Any CPU.Build.0 = Debug|Any CPU
		{949C1F9F-302D-43FD-9C7E-56B00C14F595}.Release|Any CPU.ActiveCfg = Release|Any CPU
		{949C1F9F-302D-43FD-9C7E-56B00C14F595}.Release|Any CPU.Build.0 = Release|Any CPU
		{A1C845E0-2EBD-4B7C-9C40-B00C0BD6CC01}.Debug|Any CPU.ActiveCfg = Debug|Any CPU
		{A1C845E0-2EBD-4B7C-9C40-B00C0BD6CC01}.Debug|Any CPU.Build.0 = Debug|Any CPU
		{A1C845E0-2EBD-4B7C-9C40-B00C0BD6CC01}.Release|Any CPU.ActiveCfg = Release|Any CPU
		{A1C845E0-2EBD-4B7C-9C40-B00C0BD6CC01}.Release|Any CPU.Build.0 = Release|Any CPU
		{6DD9C511-8246-45B5-85B5-925DDB4204A9}.Debug|Any CPU.ActiveCfg = Debug|Any CPU
		{6DD9C511-8246-45B5-85B5-925DDB4204A9}.Debug|Any CPU.Build.0 = Debug|Any CPU
		{6DD9C511-8246-45B5-85B5-925DDB4204A9}.Release|Any CPU.ActiveCfg = Release|Any CPU
		{6DD9C511-8246-45B5-85B5-925DDB4204A9}.Release|Any CPU.Build.0 = Release|Any CPU
	EndGlobalSection
	GlobalSection(SolutionProperties) = preSolution
		HideSolutionNode = FALSE
	EndGlobalSection
	GlobalSection(ExtensibilityGlobals) = postSolution
		SolutionGuid = {DA96E4A5-78BC-4E41-BEE4-0F682064DB2E}
	EndGlobalSection
EndGlobal
